#MicroXplorer Configuration settings - do not modify
CAD.formats=
CAD.pinconfig=
CAD.provider=
CORTEX_M7.CPU_DCache=Disabled
CORTEX_M7.CPU_ICache=Enabled
CORTEX_M7.IPParameters=CPU_ICache,CPU_DCache
File.Version=6
GPIO.groupedBy=Group By Peripherals
KeepUserPlacement=false
Mcu.CPN=STM32H7A3ZIT6Q
Mcu.Family=STM32H7
Mcu.IP0=CORTEX_M7
Mcu.IP1=DEBUG
Mcu.IP2=NVIC
Mcu.IP3=OCTOSPI1
Mcu.IP4=RCC
Mcu.IP5=SYS
Mcu.IPNb=6
Mcu.Name=STM32H7A3Z(G-I)TxQ
Mcu.Package=LQFP144
Mcu.Pin0=PE2
Mcu.Pin1=PF6
Mcu.Pin10=PD6
Mcu.Pin11=PG14
Mcu.Pin12=VP_OCTOSPI1_VS_octo
Mcu.Pin13=VP_SYS_VS_Systick
Mcu.Pin2=PF8
Mcu.Pin3=PF9
Mcu.Pin4=PF10
Mcu.Pin5=PC1
Mcu.Pin6=PC2_C
Mcu.Pin7=PG6
Mcu.Pin8=PA13
Mcu.Pin9=PA14
Mcu.PinsNb=14
Mcu.ThirdPartyNb=0
Mcu.UserConstants=
Mcu.UserName=STM32H7A3ZITxQ
MxCube.Version=6.7.0
MxDb.Version=DB.6.0.70
NVIC.BusFault_IRQn=true\:0\:0\:false\:false\:true\:false\:false\:false
NVIC.DebugMonitor_IRQn=true\:0\:0\:false\:false\:true\:false\:false\:false
NVIC.ForceEnableDMAVector=true
NVIC.HardFault_IRQn=true\:0\:0\:false\:false\:true\:false\:false\:false
NVIC.MemoryManagement_IRQn=true\:0\:0\:false\:false\:true\:false\:false\:false
NVIC.NonMaskableInt_IRQn=true\:0\:0\:false\:false\:true\:false\:false\:false
NVIC.PendSV_IRQn=true\:0\:0\:false\:false\:true\:false\:false\:false
NVIC.PriorityGroup=NVIC_PRIORITYGROUP_4
NVIC.SVCall_IRQn=true\:0\:0\:false\:false\:true\:false\:false\:false
NVIC.SysTick_IRQn=true\:14\:0\:true\:false\:true\:false\:true\:false
NVIC.UsageFault_IRQn=true\:0\:0\:false\:false\:true\:false\:false\:false
OCTOSPI1.ClockPrescaler=54
OCTOSPI1.FifoThreshold=4
OCTOSPI1.IPParameters=ClockPrescaler,FifoThreshold
PA13.Mode=Serial_Wire
PA13.Signal=DEBUG_JTMS-SWDIO
PA14.Mode=Serial_Wire
PA14.Signal=DEBUG_JTCK-SWCLK
PC1.Mode=OCTOSPI1_IOH_Port1H
PC1.Signal=OCTOSPIM_P1_IO4
PC2_C.Mode=OCTOSPI1_IOH_Port1H
PC2_C.Signal=OCTOSPIM_P1_IO5
PD6.Mode=OCTOSPI1_IOH_Port1H
PD6.Signal=OCTOSPIM_P1_IO6
PE2.Mode=OCTOSPI1_IOL_Port1L
PE2.Signal=OCTOSPIM_P1_IO2
PF10.Mode=O1_P1_CLK
PF10.Signal=OCTOSPIM_P1_CLK
PF6.Mode=OCTOSPI1_IOL_Port1L
PF6.Signal=OCTOSPIM_P1_IO3
PF8.Mode=OCTOSPI1_IOL_Port1L
PF8.Signal=OCTOSPIM_P1_IO0
PF9.Mode=OCTOSPI1_IOL_Port1L
PF9.Signal=OCTOSPIM_P1_IO1
PG14.Mode=OCTOSPI1_IOH_Port1H
PG14.Signal=OCTOSPIM_P1_IO7
PG6.Mode=OCTOSPI1_Port1_NCS
PG6.Signal=OCTOSPIM_P1_NCS
PinOutPanel.RotationAngle=0
ProjectManager.AskForMigrate=true
ProjectManager.BackupPrevious=false
ProjectManager.CompilerOptimize=6
ProjectManager.ComputerToolchain=false
ProjectManager.CoupleFile=true
ProjectManager.CustomerFirmwarePackage=
ProjectManager.DefaultFWLocation=true
ProjectManager.DeletePrevious=true
ProjectManager.DeviceId=STM32H7A3ZITxQ
ProjectManager.FirmwarePackage=STM32Cube FW_H7 V1.11.0
ProjectManager.FreePins=false
ProjectManager.HalAssertFull=false
ProjectManager.HeapSize=0x200
ProjectManager.KeepUserCode=true
ProjectManager.LastFirmware=true
ProjectManager.LibraryCopy=1
ProjectManager.MainLocation=Core/Src
ProjectManager.NoMain=false
ProjectManager.PreviousToolchain=STM32CubeIDE
ProjectManager.ProjectBuild=false
ProjectManager.ProjectFileName=Custom_Loader.ioc
ProjectManager.ProjectName=Custom_Loader
ProjectManager.RegisterCallBack=ADC,DMA2D,LTDC
ProjectManager.StackSize=0x400
ProjectManager.TargetToolchain=STM32CubeIDE
ProjectManager.ToolChainLocation=
ProjectManager.UnderRoot=true
ProjectManager.functionlistsort=1-SystemClock_Config-RCC-false-HAL-false,2-MX_GPIO_Init-GPIO-false-HAL-true,3-MX_OCTOSPI1_Init-OCTOSPI1-false-HAL-true,0-MX_CORTEX_M7_Init-CORTEX_M7-false-HAL-true
RCC.ADCFreq_Value=2844444.4444444445
RCC.AHB12Freq_Value=270000000
RCC.AHB4Freq_Value=270000000
RCC.APB1Freq_Value=135000000
RCC.APB2Freq_Value=135000000
RCC.APB3Freq_Value=135000000
RCC.APB4Freq_Value=135000000
RCC.AXIClockFreq_Value=270000000
RCC.CDCPREFreq_Value=270000000
RCC.CDPPRE=RCC_APB3_DIV2
RCC.CDPPRE1=RCC_APB1_DIV2
RCC.CDPPRE2=RCC_APB2_DIV2
RCC.CECFreq_Value=32000
RCC.CKPERFreq_Value=64000000
RCC.CortexFreq_Value=270000000
RCC.CpuClockFreq_Value=270000000
RCC.DAC1Freq_Value=32000
RCC.DAC2Freq_Value=32000
RCC.DFSDM2ACLkFreq_Value=135000000
RCC.DFSDM2Freq_Value=135000000
RCC.DFSDMACLkFreq_Value=4218750
RCC.DFSDMFreq_Value=135000000
RCC.DIVM1=1
RCC.DIVM2=1
RCC.DIVM3=2
RCC.DIVN1=135
RCC.DIVN2=32
RCC.DIVN3=64
RCC.DIVP1Freq_Value=270000000
RCC.DIVP2=45
RCC.DIVP2Freq_Value=2844444.4444444445
RCC.DIVP3=1
RCC.DIVP3Freq_Value=128000000
RCC.DIVQ1=128
RCC.DIVQ1Freq_Value=4218750
RCC.DIVQ2=125
RCC.DIVQ2Freq_Value=1024000
RCC.DIVQ3=8
RCC.DIVQ3Freq_Value=16000000
RCC.DIVR1Freq_Value=270000000
RCC.DIVR2=128
RCC.DIVR2Freq_Value=1000000
RCC.DIVR3=16
RCC.DIVR3Freq_Value=8000000
RCC.FDCANFreq_Value=4218750
RCC.FMCFreq_Value=270000000
RCC.FamilyName=M
RCC.HCLK3ClockFreq_Value=270000000
RCC.HCLKFreq_Value=270000000
RCC.HSE_VALUE=12000000
RCC.I2C123Freq_Value=135000000
RCC.I2C4Freq_Value=135000000
RCC.IPParameters=ADCFreq_Value,AHB12Freq_Value,AHB4Freq_Value,APB1Freq_Value,APB2Freq_Value,APB3Freq_Value,APB4Freq_Value,AXIClockFreq_Value,CDCPREFreq_Value,CDPPRE,CDPPRE1,CDPPRE2,CECFreq_Value,CKPERFreq_Value,CortexFreq_Value,CpuClockFreq_Value,DAC1Freq_Value,DAC2Freq_Value,DFSDM2ACLkFreq_Value,DFSDM2Freq_Value,DFSDMACLkFreq_Value,DFSDMFreq_Value,DIVM1,DIVM2,DIVM3,DIVN1,DIVN2,DIVN3,DIVP1Freq_Value,DIVP2,DIVP2Freq_Value,DIVP3,DIVP3Freq_Value,DIVQ1,DIVQ1Freq_Value,DIVQ2,DIVQ2Freq_Value,DIVQ3,DIVQ3Freq_Value,DIVR1Freq_Value,DIVR2,DIVR2Freq_Value,DIVR3,DIVR3Freq_Value,FDCANFreq_Value,FMCFreq_Value,FamilyName,HCLK3ClockFreq_Value,HCLKFreq_Value,HSE_VALUE,I2C123Freq_Value,I2C4Freq_Value,LPTIM1Freq_Value,LPTIM2Freq_Value,LPTIM345Freq_Value,LPUART1Freq_Value,LTDCFreq_Value,MCO1PinFreq_Value,MCO2PinFreq_Value,PLL2FRACN,PLL2_VCI_Range-AdvancedSettings,PLL2_VCO_SEL-AdvancedSettings,PLLFRACN,PLLSourceVirtual,QSPIFreq_Value,RNGFreq_Value,RTCClockSelection,RTCFreq_Value,SAI1Freq_Value,SAI2AFreq_Value,SAI2BFreq_Value,SDMMCFreq_Value,SPDIFRXFreq_Value,SPI123Freq_Value,SPI45Freq_Value,SPI6Freq_Value,SRDPPRE,SWPMI1Freq_Value,SYSCLKFreq_VALUE,SYSCLKSource,SupplySource,Tim1OutputFreq_Value,Tim2OutputFreq_Value,TraceFreq_Value,USART16CLockSelection,USART16Freq_Value,USART234578CLockSelection,USART234578Freq_Value,USBCLockSelection,USBFreq_Value,VCO1OutputFreq_Value,VCO2OutputFreq_Value,VCO3OutputFreq_Value,VCOInput1Freq_Value,VCOInput2Freq_Value,VCOInput3Freq_Value
RCC.LPTIM1Freq_Value=135000000
RCC.LPTIM2Freq_Value=135000000
RCC.LPTIM345Freq_Value=135000000
RCC.LPUART1Freq_Value=135000000
RCC.LTDCFreq_Value=8000000
RCC.MCO1PinFreq_Value=64000000
RCC.MCO2PinFreq_Value=270000000
RCC.PLL2FRACN=0
RCC.PLL2_VCI_Range-AdvancedSettings=RCC_PLL2VCIRANGE_0
RCC.PLL2_VCO_SEL-AdvancedSettings=RCC_PLL2VCOMEDIUM
RCC.PLLFRACN=0
RCC.PLLSourceVirtual=RCC_PLLSOURCE_CSI
RCC.QSPIFreq_Value=270000000
RCC.RNGFreq_Value=48000000
RCC.RTCClockSelection=RCC_RTCCLKSOURCE_LSE
RCC.RTCFreq_Value=32768
RCC.SAI1Freq_Value=4218750
RCC.SAI2AFreq_Value=4218750
RCC.SAI2BFreq_Value=4218750
RCC.SDMMCFreq_Value=4218750
RCC.SPDIFRXFreq_Value=4218750
RCC.SPI123Freq_Value=4218750
RCC.SPI45Freq_Value=135000000
RCC.SPI6Freq_Value=135000000
RCC.SRDPPRE=RCC_APB4_DIV2
RCC.SWPMI1Freq_Value=135000000
RCC.SYSCLKFreq_VALUE=270000000
RCC.SYSCLKSource=RCC_SYSCLKSOURCE_PLLCLK
RCC.SupplySource=PWR_LDO_SUPPLY
RCC.Tim1OutputFreq_Value=270000000
RCC.Tim2OutputFreq_Value=270000000
RCC.TraceFreq_Value=270000000
RCC.USART16CLockSelection=RCC_USART16910CLKSOURCE_PLL2
RCC.USART16Freq_Value=1024000
RCC.USART234578CLockSelection=RCC_USART234578CLKSOURCE_PLL2
RCC.USART234578Freq_Value=1024000
RCC.USBCLockSelection=RCC_USBCLKSOURCE_PLL3
RCC.USBFreq_Value=16000000
RCC.VCO1OutputFreq_Value=540000000
RCC.VCO2OutputFreq_Value=128000000
RCC.VCO3OutputFreq_Value=128000000
RCC.VCOInput1Freq_Value=4000000
RCC.VCOInput2Freq_Value=4000000
RCC.VCOInput3Freq_Value=2000000
VP_OCTOSPI1_VS_octo.Mode=dual_quad_mode
VP_OCTOSPI1_VS_octo.Signal=OCTOSPI1_VS_octo
VP_SYS_VS_Systick.Mode=SysTick
VP_SYS_VS_Systick.Signal=SYS_VS_Systick
board=custom
